<?xml version="1.0" encoding="utf-8"?>
<Project ToolsVersion="17.0" xmlns="http://schemas.microsoft.com/developer/msbuild/2003">
  <ItemGroup>
    <ClCompile Include="C:\Users\gogoz\source\repos\GPU_PSIM\PSIM\main.cpp">
      <Filter>Source Files</Filter>
    </ClCompile>
  </ItemGroup>
  <ItemGroup>
    <CustomBuild Include="C:\Users\gogoz\source\repos\GPU_PSIM\PSIM\CMakeLists.txt" />
  </ItemGroup>
  <ItemGroup>
    <Filter Include="Source Files">
      <UniqueIdentifier>{F22C85EA-AA7B-372D-85BA-932CED635145}</UniqueIdentifier>
    </Filter>
  </ItemGroup>
</Project>
